
Microsoft Visual Studio Solution File, Format Version 12.00
# Visual Studio Version 17
VisualStudioVersion = 17.3.32819.101
MinimumVisualStudioVersion = 10.0.40219.1
Project("{FAE04EC0-301F-11D3-BF4B-00C04F79EFBC}") = "DoAnWeb", "DoAnWeb\DoAnWeb.csproj", "{B8C8EB58-478E-472D-94CA-D0358A0FEE81}"
EndProject
Global
	GlobalSection(SolutionConfigurationPlatforms) = preSolution
		Debug|Any CPU = Debug|Any CPU
		Release|Any CPU = Release|Any CPU
	EndGlobalSection
	GlobalSection(ProjectConfigurationPlatforms) = postSolution
		{B8C8EB58-478E-472D-94CA-D0358A0FEE81}.Debug|Any CPU.ActiveCfg = Debug|Any CPU
		{B8C8EB58-478E-472D-94CA-D0358A0FEE81}.Debug|Any CPU.Build.0 = Debug|Any CPU
		{B8C8EB58-478E-472D-94CA-D0358A0FEE81}.Release|Any CPU.ActiveCfg = Release|Any CPU
		{B8C8EB58-478E-472D-94CA-D0358A0FEE81}.Release|Any CPU.Build.0 = Release|Any CPU
	EndGlobalSection
	GlobalSection(SolutionProperties) = preSolution
		HideSolutionNode = FALSE
	EndGlobalSection
	GlobalSection(ExtensibilityGlobals) = postSolution
		SolutionGuid = {3D34F9A5-8407-4236-BAAA-193FF256F746}
	EndGlobalSection
EndGlobal
